
Microsoft Visual Studio Solution File, Format Version 12.00
# Visual Studio Version 16
VisualStudioVersion = 16.0.31624.102
MinimumVisualStudioVersion = 10.0.40219.1
Project("{FAE04EC0-301F-11D3-BF4B-00C04F79EFBC}") = "Kronometre", "Kronometre\Kronometre.csproj", "{7E5A0292-A2D8-4DEF-82B8-6570F7A4550F}"
EndProject
Global
	GlobalSection(SolutionConfigurationPlatforms) = preSolution
		Debug|Any CPU = Debug|Any CPU
		Release|Any CPU = Release|Any CPU
	EndGlobalSection
	GlobalSection(ProjectConfigurationPlatforms) = postSolution
		{7E5A0292-A2D8-4DEF-82B8-6570F7A4550F}.Debug|Any CPU.ActiveCfg = Debug|Any CPU
		{7E5A0292-A2D8-4DEF-82B8-6570F7A4550F}.Debug|Any CPU.Build.0 = Debug|Any CPU
		{7E5A0292-A2D8-4DEF-82B8-6570F7A4550F}.Release|Any CPU.ActiveCfg = Release|Any CPU
		{7E5A0292-A2D8-4DEF-82B8-6570F7A4550F}.Release|Any CPU.Build.0 = Release|Any CPU
	EndGlobalSection
	GlobalSection(SolutionProperties) = preSolution
		HideSolutionNode = FALSE
	EndGlobalSection
	GlobalSection(ExtensibilityGlobals) = postSolution
		SolutionGuid = {6DF67D9B-C9A5-4F99-B4A7-5FF0230BCECC}
	EndGlobalSection
EndGlobal
